
Microsoft Visual Studio Solution File, Format Version 12.00
# Visual Studio Version 17
VisualStudioVersion = 17.0.31919.166
MinimumVisualStudioVersion = 10.0.40219.1
Project("{FAE04EC0-301F-11D3-BF4B-00C04F79EFBC}") = "HataYonetimi", "HataYonetimi\HataYonetimi.csproj", "{62A7CEED-20A5-4948-B803-33DCF3FB1F8A}"
EndProject
Global
	GlobalSection(SolutionConfigurationPlatforms) = preSolution
		Debug|Any CPU = Debug|Any CPU
		Release|Any CPU = Release|Any CPU
	EndGlobalSection
	GlobalSection(ProjectConfigurationPlatforms) = postSolution
		{62A7CEED-20A5-4948-B803-33DCF3FB1F8A}.Debug|Any CPU.ActiveCfg = Debug|Any CPU
		{62A7CEED-20A5-4948-B803-33DCF3FB1F8A}.Debug|Any CPU.Build.0 = Debug|Any CPU
		{62A7CEED-20A5-4948-B803-33DCF3FB1F8A}.Release|Any CPU.ActiveCfg = Release|Any CPU
		{62A7CEED-20A5-4948-B803-33DCF3FB1F8A}.Release|Any CPU.Build.0 = Release|Any CPU
	EndGlobalSection
	GlobalSection(SolutionProperties) = preSolution
		HideSolutionNode = FALSE
	EndGlobalSection
	GlobalSection(ExtensibilityGlobals) = postSolution
		SolutionGuid = {DD9CB9C9-32CA-43A0-A70E-3F60838AB5CB}
	EndGlobalSection
EndGlobal
