
Microsoft Visual Studio Solution File, Format Version 12.00
# Visual Studio Version 17
VisualStudioVersion = 17.0.31919.166
MinimumVisualStudioVersion = 10.0.40219.1
Project("{FAE04EC0-301F-11D3-BF4B-00C04F79EFBC}") = "GameProject", "GameProject\GameProject.csproj", "{69A7B0DC-B46C-41ED-8C50-53FE30619969}"
EndProject
Global
	GlobalSection(SolutionConfigurationPlatforms) = preSolution
		Debug|Any CPU = Debug|Any CPU
		Release|Any CPU = Release|Any CPU
	EndGlobalSection
	GlobalSection(ProjectConfigurationPlatforms) = postSolution
		{69A7B0DC-B46C-41ED-8C50-53FE30619969}.Debug|Any CPU.ActiveCfg = Debug|Any CPU
		{69A7B0DC-B46C-41ED-8C50-53FE30619969}.Debug|Any CPU.Build.0 = Debug|Any CPU
		{69A7B0DC-B46C-41ED-8C50-53FE30619969}.Release|Any CPU.ActiveCfg = Release|Any CPU
		{69A7B0DC-B46C-41ED-8C50-53FE30619969}.Release|Any CPU.Build.0 = Release|Any CPU
	EndGlobalSection
	GlobalSection(SolutionProperties) = preSolution
		HideSolutionNode = FALSE
	EndGlobalSection
	GlobalSection(ExtensibilityGlobals) = postSolution
		SolutionGuid = {5C95B2D2-4598-4453-B56D-383C9C89D8E9}
	EndGlobalSection
EndGlobal
